
Microsoft Visual Studio Solution File, Format Version 12.00
# Visual Studio Version 17
VisualStudioVersion = 17.5.33424.131
MinimumVisualStudioVersion = 10.0.40219.1
Project("{9A19103F-16F7-4668-BE54-9A1E7A4F7556}") = "NLayer.Core", "NLayer.Core\NLayer.Core.csproj", "{1D93C4A1-439F-4152-9030-DC8964082CEC}"
EndProject
Project("{9A19103F-16F7-4668-BE54-9A1E7A4F7556}") = "NLayer.Repository", "NLayer.Repository\NLayer.Repository.csproj", "{67CD699F-3302-4D9E-A52C-7BB671CB7D46}"
EndProject
Project("{9A19103F-16F7-4668-BE54-9A1E7A4F7556}") = "NLayer.Service", "NLayer.Service\NLayer.Service.csproj", "{106B3BB8-58B6-40E0-A66B-D603EC0F320C}"
EndProject
Project("{9A19103F-16F7-4668-BE54-9A1E7A4F7556}") = "NLayer.API", "NLayer.API\NLayer.API.csproj", "{683967A8-ACC7-40DE-BDBB-A57535B1A5B4}"
EndProject
Project("{9A19103F-16F7-4668-BE54-9A1E7A4F7556}") = "NLayer.Caching", "NLayer.Caching\NLayer.Caching.csproj", "{6930069B-3ADD-47BA-84DE-B7CA77770A48}"
EndProject
Global
	GlobalSection(SolutionConfigurationPlatforms) = preSolution
		Debug|Any CPU = Debug|Any CPU
		Release|Any CPU = Release|Any CPU
	EndGlobalSection
	GlobalSection(ProjectConfigurationPlatforms) = postSolution
		{1D93C4A1-439F-4152-9030-DC8964082CEC}.Debug|Any CPU.ActiveCfg = Debug|Any CPU
		{1D93C4A1-439F-4152-9030-DC8964082CEC}.Debug|Any CPU.Build.0 = Debug|Any CPU
		{1D93C4A1-439F-4152-9030-DC8964082CEC}.Release|Any CPU.ActiveCfg = Release|Any CPU
		{1D93C4A1-439F-4152-9030-DC8964082CEC}.Release|Any CPU.Build.0 = Release|Any CPU
		{67CD699F-3302-4D9E-A52C-7BB671CB7D46}.Debug|Any CPU.ActiveCfg = Debug|Any CPU
		{67CD699F-3302-4D9E-A52C-7BB671CB7D46}.Debug|Any CPU.Build.0 = Debug|Any CPU
		{67CD699F-3302-4D9E-A52C-7BB671CB7D46}.Release|Any CPU.ActiveCfg = Release|Any CPU
		{67CD699F-3302-4D9E-A52C-7BB671CB7D46}.Release|Any CPU.Build.0 = Release|Any CPU
		{106B3BB8-58B6-40E0-A66B-D603EC0F320C}.Debug|Any CPU.ActiveCfg = Debug|Any CPU
		{106B3BB8-58B6-40E0-A66B-D603EC0F320C}.Debug|Any CPU.Build.0 = Debug|Any CPU
		{106B3BB8-58B6-40E0-A66B-D603EC0F320C}.Release|Any CPU.ActiveCfg = Release|Any CPU
		{106B3BB8-58B6-40E0-A66B-D603EC0F320C}.Release|Any CPU.Build.0 = Release|Any CPU
		{683967A8-ACC7-40DE-BDBB-A57535B1A5B4}.Debug|Any CPU.ActiveCfg = Debug|Any CPU
		{683967A8-ACC7-40DE-BDBB-A57535B1A5B4}.Debug|Any CPU.Build.0 = Debug|Any CPU
		{683967A8-ACC7-40DE-BDBB-A57535B1A5B4}.Release|Any CPU.ActiveCfg = Release|Any CPU
		{683967A8-ACC7-40DE-BDBB-A57535B1A5B4}.Release|Any CPU.Build.0 = Release|Any CPU
		{6930069B-3ADD-47BA-84DE-B7CA77770A48}.Debug|Any CPU.ActiveCfg = Debug|Any CPU
		{6930069B-3ADD-47BA-84DE-B7CA77770A48}.Debug|Any CPU.Build.0 = Debug|Any CPU
		{6930069B-3ADD-47BA-84DE-B7CA77770A48}.Release|Any CPU.ActiveCfg = Release|Any CPU
		{6930069B-3ADD-47BA-84DE-B7CA77770A48}.Release|Any CPU.Build.0 = Release|Any CPU
	EndGlobalSection
	GlobalSection(SolutionProperties) = preSolution
		HideSolutionNode = FALSE
	EndGlobalSection
	GlobalSection(ExtensibilityGlobals) = postSolution
		SolutionGuid = {C131FF76-C337-4B88-B9F9-C03ADDE14DCF}
	EndGlobalSection
EndGlobal
